{
  "name": "esmf-aspect-model-editor",
  "lockfileVersion": 3,
  "requires": true,
  "packages": {
    "node_modules/@maxgraph/core": {
      "version": "0.21.0",
      "resolved": "https://artifactory.boschdevcloud.com/artifactory/api/npm/lab000003-bci-npm-virtual/@maxgraph/core/-/core-0.21.0.tgz",
      "integrity": "sha512-BU9jl0dYzbP1J7OjKfZao87u7s3+W5Gfx9G7SEuxE76Nzqwz/0hy7sjLhwCk5V6zNEA0a3oLKzHQ9dMmLRGh0Q==",
      "license": "Apache-2.0"
    }
  }
}
